
Microsoft Visual Studio Solution File, Format Version 12.00
# Visual Studio Version 17
VisualStudioVersion = 17.2.32630.192
MinimumVisualStudioVersion = 10.0.40219.1
Project("{54A90642-561A-4BB1-A94E-469ADEE60C69}") = "HealthCheck", "HealthCheck\HealthCheck.esproj", "{DA9CCEA4-056A-4B1C-A4D7-56A0618A26A3}"
EndProject
Project("{FAE04EC0-301F-11D3-BF4B-00C04F79EFBC}") = "HealthCheckAPI", "HealthCheckAPI\HealthCheckAPI.csproj", "{FC98CC41-0792-4ABC-B772-3DA5A177ACDD}"
EndProject
Global
	GlobalSection(SolutionConfigurationPlatforms) = preSolution
		Debug|Any CPU = Debug|Any CPU
		Release|Any CPU = Release|Any CPU
	EndGlobalSection
	GlobalSection(ProjectConfigurationPlatforms) = postSolution
		{DA9CCEA4-056A-4B1C-A4D7-56A0618A26A3}.Debug|Any CPU.ActiveCfg = Debug|Any CPU
		{DA9CCEA4-056A-4B1C-A4D7-56A0618A26A3}.Debug|Any CPU.Build.0 = Debug|Any CPU
		{DA9CCEA4-056A-4B1C-A4D7-56A0618A26A3}.Debug|Any CPU.Deploy.0 = Debug|Any CPU
		{DA9CCEA4-056A-4B1C-A4D7-56A0618A26A3}.Release|Any CPU.ActiveCfg = Release|Any CPU
		{DA9CCEA4-056A-4B1C-A4D7-56A0618A26A3}.Release|Any CPU.Build.0 = Release|Any CPU
		{DA9CCEA4-056A-4B1C-A4D7-56A0618A26A3}.Release|Any CPU.Deploy.0 = Release|Any CPU
		{FC98CC41-0792-4ABC-B772-3DA5A177ACDD}.Debug|Any CPU.ActiveCfg = Debug|Any CPU
		{FC98CC41-0792-4ABC-B772-3DA5A177ACDD}.Debug|Any CPU.Build.0 = Debug|Any CPU
		{FC98CC41-0792-4ABC-B772-3DA5A177ACDD}.Release|Any CPU.ActiveCfg = Release|Any CPU
		{FC98CC41-0792-4ABC-B772-3DA5A177ACDD}.Release|Any CPU.Build.0 = Release|Any CPU
	EndGlobalSection
	GlobalSection(SolutionProperties) = preSolution
		HideSolutionNode = FALSE
	EndGlobalSection
	GlobalSection(ExtensibilityGlobals) = postSolution
		SolutionGuid = {9612DC7B-93D7-4C1C-B118-4081D674B4CD}
	EndGlobalSection
EndGlobal
